{
  "name": "10-Modulos",
  "lockfileVersion": 3,
  "requires": true,
  "packages": {
    "": {
      "dependencies": {
        "mine": "^0.1.0"
      }
    },
    "node_modules/mine": {
      "version": "0.1.0",
      "resolved": "https://registry.npmjs.org/mine/-/mine-0.1.0.tgz",
      "integrity": "sha512-4eZ5pYyTg35eF9QhY0PU2sBS5rvR/7zq2EeMsqFesJK1iDEepLb2MTGAVQ87dkJFZI596NK38t71E+CisFveoA==",
      "license": "MIT"
    }
  }
}
